// !$*UTF8*$!
{
	archiveVersion = 1;
	classes = {
	};
	objectVersion = 54;
	objects = {

/* Begin PBXBuildFile section */
		4D5763B82716B6770021E627 /* DatabaseManager.swift in Sources */ = {isa = PBXBuildFile; fileRef = 4D5763B72716B6770021E627 /* DatabaseManager.swift */; };
		4D5763BA2716C1D70021E627 /* GoogleService-Info.plist in Resources */ = {isa = PBXBuildFile; fileRef = 4D5763B92716C1D70021E627 /* GoogleService-Info.plist */; };
		4D7099F1271DBB0A0025CA7F /* ChatViewController.swift in Sources */ = {isa = PBXBuildFile; fileRef = 4D7099F0271DBB0A0025CA7F /* ChatViewController.swift */; };
		4D8C00E127141B4A004F12F1 /* AppDelegate.swift in Sources */ = {isa = PBXBuildFile; fileRef = 4D8C00E027141B4A004F12F1 /* AppDelegate.swift */; };
		4D8C00E327141B4A004F12F1 /* SceneDelegate.swift in Sources */ = {isa = PBXBuildFile; fileRef = 4D8C00E227141B4A004F12F1 /* SceneDelegate.swift */; };
		4D8C00E527141B4A004F12F1 /* ConversationsViewController.swift in Sources */ = {isa = PBXBuildFile; fileRef = 4D8C00E427141B4A004F12F1 /* ConversationsViewController.swift */; };
		4D8C00E827141B4A004F12F1 /* Main.storyboard in Resources */ = {isa = PBXBuildFile; fileRef = 4D8C00E627141B4A004F12F1 /* Main.storyboard */; };
		4D8C00EA27141B4C004F12F1 /* Assets.xcassets in Resources */ = {isa = PBXBuildFile; fileRef = 4D8C00E927141B4C004F12F1 /* Assets.xcassets */; };
		4D8C00ED27141B4C004F12F1 /* LaunchScreen.storyboard in Resources */ = {isa = PBXBuildFile; fileRef = 4D8C00EB27141B4C004F12F1 /* LaunchScreen.storyboard */; };
		4D8C00FB2714296A004F12F1 /* LoginViewController.swift in Sources */ = {isa = PBXBuildFile; fileRef = 4D8C00FA2714296A004F12F1 /* LoginViewController.swift */; };
		4D8C00FD2714297D004F12F1 /* RegisterViewController.swift in Sources */ = {isa = PBXBuildFile; fileRef = 4D8C00FC2714297D004F12F1 /* RegisterViewController.swift */; };
		4D8C00FF271429A6004F12F1 /* PhotoViewerViewController.swift in Sources */ = {isa = PBXBuildFile; fileRef = 4D8C00FE271429A6004F12F1 /* PhotoViewerViewController.swift */; };
		4D8C0101271429B6004F12F1 /* VideoPlayerViewController.swift in Sources */ = {isa = PBXBuildFile; fileRef = 4D8C0100271429B6004F12F1 /* VideoPlayerViewController.swift */; };
		4D8C0103271429DC004F12F1 /* NewConversationViewController.swift in Sources */ = {isa = PBXBuildFile; fileRef = 4D8C0102271429DC004F12F1 /* NewConversationViewController.swift */; };
		4D8C0105271429F0004F12F1 /* ProfileViewController.swift in Sources */ = {isa = PBXBuildFile; fileRef = 4D8C0104271429F0004F12F1 /* ProfileViewController.swift */; };
		4D8C01082714319A004F12F1 /* Extensions.swift in Sources */ = {isa = PBXBuildFile; fileRef = 4D8C01072714319A004F12F1 /* Extensions.swift */; };
		EC2C99BD5C0D215D3E79A939 /* Pods_Messenger.framework in Frameworks */ = {isa = PBXBuildFile; fileRef = 543B8EA52EFF4E65A89D9C67 /* Pods_Messenger.framework */; };
/* End PBXBuildFile section */

/* Begin PBXFileReference section */
		48573A8054473FD6D1A6D8CD /* Pods-Messenger.debug.xcconfig */ = {isa = PBXFileReference; includeInIndex = 1; lastKnownFileType = text.xcconfig; name = "Pods-Messenger.debug.xcconfig"; path = "Target Support Files/Pods-Messenger/Pods-Messenger.debug.xcconfig"; sourceTree = "<group>"; };
		4D5763B72716B6770021E627 /* DatabaseManager.swift */ = {isa = PBXFileReference; lastKnownFileType = sourcecode.swift; path = DatabaseManager.swift; sourceTree = "<group>"; };
		4D5763B92716C1D70021E627 /* GoogleService-Info.plist */ = {isa = PBXFileReference; fileEncoding = 4; lastKnownFileType = text.plist.xml; path = "GoogleService-Info.plist"; sourceTree = "<group>"; };
		4D7099F0271DBB0A0025CA7F /* ChatViewController.swift */ = {isa = PBXFileReference; lastKnownFileType = sourcecode.swift; path = ChatViewController.swift; sourceTree = "<group>"; };
		4D8C00DD27141B4A004F12F1 /* Messenger.app */ = {isa = PBXFileReference; explicitFileType = wrapper.application; includeInIndex = 0; path = Messenger.app; sourceTree = BUILT_PRODUCTS_DIR; };
		4D8C00E027141B4A004F12F1 /* AppDelegate.swift */ = {isa = PBXFileReference; lastKnownFileType = sourcecode.swift; path = AppDelegate.swift; sourceTree = "<group>"; };
		4D8C00E227141B4A004F12F1 /* SceneDelegate.swift */ = {isa = PBXFileReference; lastKnownFileType = sourcecode.swift; path = SceneDelegate.swift; sourceTree = "<group>"; };
		4D8C00E427141B4A004F12F1 /* ConversationsViewController.swift */ = {isa = PBXFileReference; lastKnownFileType = sourcecode.swift; path = ConversationsViewController.swift; sourceTree = "<group>"; };
		4D8C00E727141B4A004F12F1 /* Base */ = {isa = PBXFileReference; lastKnownFileType = file.storyboard; name = Base; path = Base.lproj/Main.storyboard; sourceTree = "<group>"; };
		4D8C00E927141B4C004F12F1 /* Assets.xcassets */ = {isa = PBXFileReference; lastKnownFileType = folder.assetcatalog; path = Assets.xcassets; sourceTree = "<group>"; };
		4D8C00EC27141B4C004F12F1 /* Base */ = {isa = PBXFileReference; lastKnownFileType = file.storyboard; name = Base; path = Base.lproj/LaunchScreen.storyboard; sourceTree = "<group>"; };
		4D8C00EE27141B4C004F12F1 /* Info.plist */ = {isa = PBXFileReference; lastKnownFileType = text.plist.xml; path = Info.plist; sourceTree = "<group>"; };
		4D8C00FA2714296A004F12F1 /* LoginViewController.swift */ = {isa = PBXFileReference; lastKnownFileType = sourcecode.swift; path = LoginViewController.swift; sourceTree = "<group>"; };
		4D8C00FC2714297D004F12F1 /* RegisterViewController.swift */ = {isa = PBXFileReference; lastKnownFileType = sourcecode.swift; path = RegisterViewController.swift; sourceTree = "<group>"; };
		4D8C00FE271429A6004F12F1 /* PhotoViewerViewController.swift */ = {isa = PBXFileReference; lastKnownFileType = sourcecode.swift; path = PhotoViewerViewController.swift; sourceTree = "<group>"; };
		4D8C0100271429B6004F12F1 /* VideoPlayerViewController.swift */ = {isa = PBXFileReference; lastKnownFileType = sourcecode.swift; path = VideoPlayerViewController.swift; sourceTree = "<group>"; };
		4D8C0102271429DC004F12F1 /* NewConversationViewController.swift */ = {isa = PBXFileReference; lastKnownFileType = sourcecode.swift; path = NewConversationViewController.swift; sourceTree = "<group>"; };
		4D8C0104271429F0004F12F1 /* ProfileViewController.swift */ = {isa = PBXFileReference; lastKnownFileType = sourcecode.swift; path = ProfileViewController.swift; sourceTree = "<group>"; };
		4D8C01072714319A004F12F1 /* Extensions.swift */ = {isa = PBXFileReference; lastKnownFileType = sourcecode.swift; path = Extensions.swift; sourceTree = "<group>"; };
		5140E3FDF2E7F2C064EB0D76 /* Pods-Messenger.release.xcconfig */ = {isa = PBXFileReference; includeInIndex = 1; lastKnownFileType = text.xcconfig; name = "Pods-Messenger.release.xcconfig"; path = "Target Support Files/Pods-Messenger/Pods-Messenger.release.xcconfig"; sourceTree = "<group>"; };
		543B8EA52EFF4E65A89D9C67 /* Pods_Messenger.framework */ = {isa = PBXFileReference; explicitFileType = wrapper.framework; includeInIndex = 0; path = Pods_Messenger.framework; sourceTree = BUILT_PRODUCTS_DIR; };
/* End PBXFileReference section */

/* Begin PBXFrameworksBuildPhase section */
		4D8C00DA27141B4A004F12F1 /* Frameworks */ = {
			isa = PBXFrameworksBuildPhase;
			buildActionMask = 2147483647;
			files = (
				EC2C99BD5C0D215D3E79A939 /* Pods_Messenger.framework in Frameworks */,
			);
			runOnlyForDeploymentPostprocessing = 0;
		};
/* End PBXFrameworksBuildPhase section */

/* Begin PBXGroup section */
		2B3527604342F21DB644F3B7 /* Frameworks */ = {
			isa = PBXGroup;
			children = (
				543B8EA52EFF4E65A89D9C67 /* Pods_Messenger.framework */,
			);
			name = Frameworks;
			sourceTree = "<group>";
		};
		4D8C00D427141B4A004F12F1 = {
			isa = PBXGroup;
			children = (
				4D8C00DF27141B4A004F12F1 /* Messenger */,
				4D8C00DE27141B4A004F12F1 /* Products */,
				D36F044F02E41E1986A1108C /* Pods */,
				2B3527604342F21DB644F3B7 /* Frameworks */,
			);
			sourceTree = "<group>";
		};
		4D8C00DE27141B4A004F12F1 /* Products */ = {
			isa = PBXGroup;
			children = (
				4D8C00DD27141B4A004F12F1 /* Messenger.app */,
			);
			name = Products;
			sourceTree = "<group>";
		};
		4D8C00DF27141B4A004F12F1 /* Messenger */ = {
			isa = PBXGroup;
			children = (
				4D5763B92716C1D70021E627 /* GoogleService-Info.plist */,
				4D8C00F827142859004F12F1 /* Resources */,
				4D8C00F72714284F004F12F1 /* ViewModels */,
				4D8C00F62714283B004F12F1 /* Models */,
				4D8C00F5271427DE004F12F1 /* Views */,
				4D8C00F4271427D4004F12F1 /* Controllers */,
				4D8C00EE27141B4C004F12F1 /* Info.plist */,
			);
			path = Messenger;
			sourceTree = "<group>";
		};
		4D8C00F4271427D4004F12F1 /* Controllers */ = {
			isa = PBXGroup;
			children = (
				4D8C00E427141B4A004F12F1 /* ConversationsViewController.swift */,
				4D8C010627142B8C004F12F1 /* Login */,
				4D8C00FE271429A6004F12F1 /* PhotoViewerViewController.swift */,
				4D8C0100271429B6004F12F1 /* VideoPlayerViewController.swift */,
				4D8C0102271429DC004F12F1 /* NewConversationViewController.swift */,
				4D8C0104271429F0004F12F1 /* ProfileViewController.swift */,
				4D7099F0271DBB0A0025CA7F /* ChatViewController.swift */,
			);
			path = Controllers;
			sourceTree = "<group>";
		};
		4D8C00F5271427DE004F12F1 /* Views */ = {
			isa = PBXGroup;
			children = (
				4D8C00F927142897004F12F1 /* Storyboards */,
				4D8C00E927141B4C004F12F1 /* Assets.xcassets */,
			);
			path = Views;
			sourceTree = "<group>";
		};
		4D8C00F62714283B004F12F1 /* Models */ = {
			isa = PBXGroup;
			children = (
			);
			path = Models;
			sourceTree = "<group>";
		};
		4D8C00F72714284F004F12F1 /* ViewModels */ = {
			isa = PBXGroup;
			children = (
			);
			path = ViewModels;
			sourceTree = "<group>";
		};
		4D8C00F827142859004F12F1 /* Resources */ = {
			isa = PBXGroup;
			children = (
				4D8C00E027141B4A004F12F1 /* AppDelegate.swift */,
				4D8C00E227141B4A004F12F1 /* SceneDelegate.swift */,
				4D8C01072714319A004F12F1 /* Extensions.swift */,
				4D5763B72716B6770021E627 /* DatabaseManager.swift */,
			);
			path = Resources;
			sourceTree = "<group>";
		};
		4D8C00F927142897004F12F1 /* Storyboards */ = {
			isa = PBXGroup;
			children = (
				4D8C00E627141B4A004F12F1 /* Main.storyboard */,
				4D8C00EB27141B4C004F12F1 /* LaunchScreen.storyboard */,
			);
			path = Storyboards;
			sourceTree = "<group>";
		};
		4D8C010627142B8C004F12F1 /* Login */ = {
			isa = PBXGroup;
			children = (
				4D8C00FA2714296A004F12F1 /* LoginViewController.swift */,
				4D8C00FC2714297D004F12F1 /* RegisterViewController.swift */,
			);
			path = Login;
			sourceTree = "<group>";
		};
		D36F044F02E41E1986A1108C /* Pods */ = {
			isa = PBXGroup;
			children = (
				48573A8054473FD6D1A6D8CD /* Pods-Messenger.debug.xcconfig */,
				5140E3FDF2E7F2C064EB0D76 /* Pods-Messenger.release.xcconfig */,
			);
			path = Pods;
			sourceTree = "<group>";
		};
/* End PBXGroup section */

/* Begin PBXNativeTarget section */
		4D8C00DC27141B4A004F12F1 /* Messenger */ = {
			isa = PBXNativeTarget;
			buildConfigurationList = 4D8C00F127141B4C004F12F1 /* Build configuration list for PBXNativeTarget "Messenger" */;
			buildPhases = (
				FA43522E7328EAC87E5EDDBD /* [CP] Check Pods Manifest.lock */,
				4D8C00D927141B4A004F12F1 /* Sources */,
				4D8C00DA27141B4A004F12F1 /* Frameworks */,
				4D8C00DB27141B4A004F12F1 /* Resources */,
				C0523909C2EFC71073DE0F26 /* [CP] Embed Pods Frameworks */,
				7839E7E2C5372C6E53D0E08F /* [CP] Copy Pods Resources */,
			);
			buildRules = (
			);
			dependencies = (
			);
			name = Messenger;
			productName = Messenger;
			productReference = 4D8C00DD27141B4A004F12F1 /* Messenger.app */;
			productType = "com.apple.product-type.application";
		};
/* End PBXNativeTarget section */

/* Begin PBXProject section */
		4D8C00D527141B4A004F12F1 /* Project object */ = {
			isa = PBXProject;
			attributes = {
				BuildIndependentTargetsInParallel = 1;
				LastSwiftUpdateCheck = 1300;
				LastUpgradeCheck = 1300;
				TargetAttributes = {
					4D8C00DC27141B4A004F12F1 = {
						CreatedOnToolsVersion = 13.0;
					};
				};
			};
			buildConfigurationList = 4D8C00D827141B4A004F12F1 /* Build configuration list for PBXProject "Messenger" */;
			compatibilityVersion = "Xcode 12.0";
			developmentRegion = en;
			hasScannedForEncodings = 0;
			knownRegions = (
				en,
				Base,
			);
			mainGroup = 4D8C00D427141B4A004F12F1;
			productRefGroup = 4D8C00DE27141B4A004F12F1 /* Products */;
			projectDirPath = "";
			projectRoot = "";
			targets = (
				4D8C00DC27141B4A004F12F1 /* Messenger */,
			);
		};
/* End PBXProject section */

/* Begin PBXResourcesBuildPhase section */
		4D8C00DB27141B4A004F12F1 /* Resources */ = {
			isa = PBXResourcesBuildPhase;
			buildActionMask = 2147483647;
			files = (
				4D8C00ED27141B4C004F12F1 /* LaunchScreen.storyboard in Resources */,
				4D5763BA2716C1D70021E627 /* GoogleService-Info.plist in Resources */,
				4D8C00EA27141B4C004F12F1 /* Assets.xcassets in Resources */,
				4D8C00E827141B4A004F12F1 /* Main.storyboard in Resources */,
			);
			runOnlyForDeploymentPostprocessing = 0;
		};
/* End PBXResourcesBuildPhase section */

/* Begin PBXShellScriptBuildPhase section */
		7839E7E2C5372C6E53D0E08F /* [CP] Copy Pods Resources */ = {
			isa = PBXShellScriptBuildPhase;
			buildActionMask = 2147483647;
			files = (
			);
			inputFileListPaths = (
				"${PODS_ROOT}/Target Support Files/Pods-Messenger/Pods-Messenger-resources-${CONFIGURATION}-input-files.xcfilelist",
			);
			name = "[CP] Copy Pods Resources";
			outputFileListPaths = (
				"${PODS_ROOT}/Target Support Files/Pods-Messenger/Pods-Messenger-resources-${CONFIGURATION}-output-files.xcfilelist",
			);
			runOnlyForDeploymentPostprocessing = 0;
			shellPath = /bin/sh;
			shellScript = "\"${PODS_ROOT}/Target Support Files/Pods-Messenger/Pods-Messenger-resources.sh\"\n";
			showEnvVarsInLog = 0;
		};
		C0523909C2EFC71073DE0F26 /* [CP] Embed Pods Frameworks */ = {
			isa = PBXShellScriptBuildPhase;
			buildActionMask = 2147483647;
			files = (
			);
			inputFileListPaths = (
				"${PODS_ROOT}/Target Support Files/Pods-Messenger/Pods-Messenger-frameworks-${CONFIGURATION}-input-files.xcfilelist",
			);
			name = "[CP] Embed Pods Frameworks";
			outputFileListPaths = (
				"${PODS_ROOT}/Target Support Files/Pods-Messenger/Pods-Messenger-frameworks-${CONFIGURATION}-output-files.xcfilelist",
			);
			runOnlyForDeploymentPostprocessing = 0;
			shellPath = /bin/sh;
			shellScript = "\"${PODS_ROOT}/Target Support Files/Pods-Messenger/Pods-Messenger-frameworks.sh\"\n";
			showEnvVarsInLog = 0;
		};
		FA43522E7328EAC87E5EDDBD /* [CP] Check Pods Manifest.lock */ = {
			isa = PBXShellScriptBuildPhase;
			buildActionMask = 2147483647;
			files = (
			);
			inputFileListPaths = (
			);
			inputPaths = (
				"${PODS_PODFILE_DIR_PATH}/Podfile.lock",
				"${PODS_ROOT}/Manifest.lock",
			);
			name = "[CP] Check Pods Manifest.lock";
			outputFileListPaths = (
			);
			outputPaths = (
				"$(DERIVED_FILE_DIR)/Pods-Messenger-checkManifestLockResult.txt",
			);
			runOnlyForDeploymentPostprocessing = 0;
			shellPath = /bin/sh;
			shellScript = "diff \"${PODS_PODFILE_DIR_PATH}/Podfile.lock\" \"${PODS_ROOT}/Manifest.lock\" > /dev/null\nif [ $? != 0 ] ; then\n    # print error to STDERR\n    echo \"error: The sandbox is not in sync with the Podfile.lock. Run 'pod install' or update your CocoaPods installation.\" >&2\n    exit 1\nfi\n# This output is used by Xcode 'outputs' to avoid re-running this script phase.\necho \"SUCCESS\" > \"${SCRIPT_OUTPUT_FILE_0}\"\n";
			showEnvVarsInLog = 0;
		};
/* End PBXShellScriptBuildPhase section */

/* Begin PBXSourcesBuildPhase section */
		4D8C00D927141B4A004F12F1 /* Sources */ = {
			isa = PBXSourcesBuildPhase;
			buildActionMask = 2147483647;
			files = (
				4D8C00FB2714296A004F12F1 /* LoginViewController.swift in Sources */,
				4D5763B82716B6770021E627 /* DatabaseManager.swift in Sources */,
				4D8C00FD2714297D004F12F1 /* RegisterViewController.swift in Sources */,
				4D8C0103271429DC004F12F1 /* NewConversationViewController.swift in Sources */,
				4D8C00E527141B4A004F12F1 /* ConversationsViewController.swift in Sources */,
				4D8C0101271429B6004F12F1 /* VideoPlayerViewController.swift in Sources */,
				4D8C01082714319A004F12F1 /* Extensions.swift in Sources */,
				4D8C00E127141B4A004F12F1 /* AppDelegate.swift in Sources */,
				4D8C0105271429F0004F12F1 /* ProfileViewController.swift in Sources */,
				4D8C00E327141B4A004F12F1 /* SceneDelegate.swift in Sources */,
				4D7099F1271DBB0A0025CA7F /* ChatViewController.swift in Sources */,
				4D8C00FF271429A6004F12F1 /* PhotoViewerViewController.swift in Sources */,
			);
			runOnlyForDeploymentPostprocessing = 0;
		};
/* End PBXSourcesBuildPhase section */

/* Begin PBXVariantGroup section */
		4D8C00E627141B4A004F12F1 /* Main.storyboard */ = {
			isa = PBXVariantGroup;
			children = (
				4D8C00E727141B4A004F12F1 /* Base */,
			);
			name = Main.storyboard;
			sourceTree = "<group>";
		};
		4D8C00EB27141B4C004F12F1 /* LaunchScreen.storyboard */ = {
			isa = PBXVariantGroup;
			children = (
				4D8C00EC27141B4C004F12F1 /* Base */,
			);
			name = LaunchScreen.storyboard;
			sourceTree = "<group>";
		};
/* End PBXVariantGroup section */

/* Begin XCBuildConfiguration section */
		4D8C00EF27141B4C004F12F1 /* Debug */ = {
			isa = XCBuildConfiguration;
			buildSettings = {
				ALWAYS_SEARCH_USER_PATHS = NO;
				CLANG_ANALYZER_NONNULL = YES;
				CLANG_ANALYZER_NUMBER_OBJECT_CONVERSION = YES_AGGRESSIVE;
				CLANG_CXX_LANGUAGE_STANDARD = "gnu++17";
				CLANG_CXX_LIBRARY = "libc++";
				CLANG_ENABLE_MODULES = YES;
				CLANG_ENABLE_OBJC_ARC = YES;
				CLANG_ENABLE_OBJC_WEAK = YES;
				CLANG_WARN_BLOCK_CAPTURE_AUTORELEASING = YES;
				CLANG_WARN_BOOL_CONVERSION = YES;
				CLANG_WARN_COMMA = YES;
				CLANG_WARN_CONSTANT_CONVERSION = YES;
				CLANG_WARN_DEPRECATED_OBJC_IMPLEMENTATIONS = YES;
				CLANG_WARN_DIRECT_OBJC_ISA_USAGE = YES_ERROR;
				CLANG_WARN_DOCUMENTATION_COMMENTS = YES;
				CLANG_WARN_EMPTY_BODY = YES;
				CLANG_WARN_ENUM_CONVERSION = YES;
				CLANG_WARN_INFINITE_RECURSION = YES;
				CLANG_WARN_INT_CONVERSION = YES;
				CLANG_WARN_NON_LITERAL_NULL_CONVERSION = YES;
				CLANG_WARN_OBJC_IMPLICIT_RETAIN_SELF = YES;
				CLANG_WARN_OBJC_LITERAL_CONVERSION = YES;
				CLANG_WARN_OBJC_ROOT_CLASS = YES_ERROR;
				CLANG_WARN_QUOTED_INCLUDE_IN_FRAMEWORK_HEADER = YES;
				CLANG_WARN_RANGE_LOOP_ANALYSIS = YES;
				CLANG_WARN_STRICT_PROTOTYPES = YES;
				CLANG_WARN_SUSPICIOUS_MOVE = YES;
				CLANG_WARN_UNGUARDED_AVAILABILITY = YES_AGGRESSIVE;
				CLANG_WARN_UNREACHABLE_CODE = YES;
				CLANG_WARN__DUPLICATE_METHOD_MATCH = YES;
				COPY_PHASE_STRIP = NO;
				DEBUG_INFORMATION_FORMAT = dwarf;
				ENABLE_STRICT_OBJC_MSGSEND = YES;
				ENABLE_TESTABILITY = YES;
				"EXCLUDED_ARCHS[sdk=iphonesimulator*]" = arm64;
				GCC_C_LANGUAGE_STANDARD = gnu11;
				GCC_DYNAMIC_NO_PIC = NO;
				GCC_NO_COMMON_BLOCKS = YES;
				GCC_OPTIMIZATION_LEVEL = 0;
				GCC_PREPROCESSOR_DEFINITIONS = (
					"DEBUG=1",
					"$(inherited)",
				);
				GCC_WARN_64_TO_32_BIT_CONVERSION = YES;
				GCC_WARN_ABOUT_RETURN_TYPE = YES_ERROR;
				GCC_WARN_UNDECLARED_SELECTOR = YES;
				GCC_WARN_UNINITIALIZED_AUTOS = YES_AGGRESSIVE;
				GCC_WARN_UNUSED_FUNCTION = YES;
				GCC_WARN_UNUSED_VARIABLE = YES;
				IPHONEOS_DEPLOYMENT_TARGET = 15.0;
				MTL_ENABLE_DEBUG_INFO = INCLUDE_SOURCE;
				MTL_FAST_MATH = YES;
				ONLY_ACTIVE_ARCH = YES;
				SDKROOT = iphoneos;
				SWIFT_ACTIVE_COMPILATION_CONDITIONS = DEBUG;
				SWIFT_OPTIMIZATION_LEVEL = "-Onone";
			};
			name = Debug;
		};
		4D8C00F027141B4C004F12F1 /* Release */ = {
			isa = XCBuildConfiguration;
			buildSettings = {
				ALWAYS_SEARCH_USER_PATHS = NO;
				CLANG_ANALYZER_NONNULL = YES;
				CLANG_ANALYZER_NUMBER_OBJECT_CONVERSION = YES_AGGRESSIVE;
				CLANG_CXX_LANGUAGE_STANDARD = "gnu++17";
				CLANG_CXX_LIBRARY = "libc++";
				CLANG_ENABLE_MODULES = YES;
				CLANG_ENABLE_OBJC_ARC = YES;
				CLANG_ENABLE_OBJC_WEAK = YES;
				CLANG_WARN_BLOCK_CAPTURE_AUTORELEASING = YES;
				CLANG_WARN_BOOL_CONVERSION = YES;
				CLANG_WARN_COMMA = YES;
				CLANG_WARN_CONSTANT_CONVERSION = YES;
				CLANG_WARN_DEPRECATED_OBJC_IMPLEMENTATIONS = YES;
				CLANG_WARN_DIRECT_OBJC_ISA_USAGE = YES_ERROR;
				CLANG_WARN_DOCUMENTATION_COMMENTS = YES;
				CLANG_WARN_EMPTY_BODY = YES;
				CLANG_WARN_ENUM_CONVERSION = YES;
				CLANG_WARN_INFINITE_RECURSION = YES;
				CLANG_WARN_INT_CONVERSION = YES;
				CLANG_WARN_NON_LITERAL_NULL_CONVERSION = YES;
				CLANG_WARN_OBJC_IMPLICIT_RETAIN_SELF = YES;
				CLANG_WARN_OBJC_LITERAL_CONVERSION = YES;
				CLANG_WARN_OBJC_ROOT_CLASS = YES_ERROR;
				CLANG_WARN_QUOTED_INCLUDE_IN_FRAMEWORK_HEADER = YES;
				CLANG_WARN_RANGE_LOOP_ANALYSIS = YES;
				CLANG_WARN_STRICT_PROTOTYPES = YES;
				CLANG_WARN_SUSPICIOUS_MOVE = YES;
				CLANG_WARN_UNGUARDED_AVAILABILITY = YES_AGGRESSIVE;
				CLANG_WARN_UNREACHABLE_CODE = YES;
				CLANG_WARN__DUPLICATE_METHOD_MATCH = YES;
				COPY_PHASE_STRIP = NO;
				DEBUG_INFORMATION_FORMAT = "dwarf-with-dsym";
				ENABLE_NS_ASSERTIONS = NO;
				ENABLE_STRICT_OBJC_MSGSEND = YES;
				"EXCLUDED_ARCHS[sdk=iphonesimulator*]" = arm64;
				GCC_C_LANGUAGE_STANDARD = gnu11;
				GCC_NO_COMMON_BLOCKS = YES;
				GCC_WARN_64_TO_32_BIT_CONVERSION = YES;
				GCC_WARN_ABOUT_RETURN_TYPE = YES_ERROR;
				GCC_WARN_UNDECLARED_SELECTOR = YES;
				GCC_WARN_UNINITIALIZED_AUTOS = YES_AGGRESSIVE;
				GCC_WARN_UNUSED_FUNCTION = YES;
				GCC_WARN_UNUSED_VARIABLE = YES;
				IPHONEOS_DEPLOYMENT_TARGET = 15.0;
				MTL_ENABLE_DEBUG_INFO = NO;
				MTL_FAST_MATH = YES;
				ONLY_ACTIVE_ARCH = YES;
				SDKROOT = iphoneos;
				SWIFT_COMPILATION_MODE = wholemodule;
				SWIFT_OPTIMIZATION_LEVEL = "-O";
				VALIDATE_PRODUCT = YES;
			};
			name = Release;
		};
		4D8C00F227141B4C004F12F1 /* Debug */ = {
			isa = XCBuildConfiguration;
			baseConfigurationReference = 48573A8054473FD6D1A6D8CD /* Pods-Messenger.debug.xcconfig */;
			buildSettings = {
				ASSETCATALOG_COMPILER_APPICON_NAME = AppIcon;
				ASSETCATALOG_COMPILER_GLOBAL_ACCENT_COLOR_NAME = AccentColor;
				CODE_SIGN_STYLE = Automatic;
				CURRENT_PROJECT_VERSION = 1;
				DEVELOPMENT_TEAM = F9T64NW26M;
				GENERATE_INFOPLIST_FILE = YES;
				INFOPLIST_FILE = Messenger/Info.plist;
				INFOPLIST_KEY_NSCameraUsageDescription = "Please allow access to take a profile picture ";
				INFOPLIST_KEY_NSPhotoLibraryAddUsageDescription = "Please allow access to select a photo for your profile.";
				INFOPLIST_KEY_UIApplicationSupportsIndirectInputEvents = YES;
				INFOPLIST_KEY_UILaunchStoryboardName = LaunchScreen;
				INFOPLIST_KEY_UIMainStoryboardFile = Main;
				INFOPLIST_KEY_UISupportedInterfaceOrientations = UIInterfaceOrientationPortrait;
				INFOPLIST_KEY_UISupportedInterfaceOrientations_iPad = "UIInterfaceOrientationPortrait UIInterfaceOrientationPortraitUpsideDown UIInterfaceOrientationLandscapeLeft UIInterfaceOrientationLandscapeRight";
				INFOPLIST_KEY_UISupportedInterfaceOrientations_iPhone = "UIInterfaceOrientationPortrait UIInterfaceOrientationLandscapeLeft UIInterfaceOrientationLandscapeRight";
				LD_RUNPATH_SEARCH_PATHS = (
					"$(inherited)",
					"@executable_path/Frameworks",
				);
				MARKETING_VERSION = 1.0;
				PRODUCT_BUNDLE_IDENTIFIER = com.sangbong.Messenger;
				PRODUCT_NAME = "$(TARGET_NAME)";
				SWIFT_EMIT_LOC_STRINGS = YES;
				SWIFT_VERSION = 5.0;
				TARGETED_DEVICE_FAMILY = "1,2";
			};
			name = Debug;
		};
		4D8C00F327141B4C004F12F1 /* Release */ = {
			isa = XCBuildConfiguration;
			baseConfigurationReference = 5140E3FDF2E7F2C064EB0D76 /* Pods-Messenger.release.xcconfig */;
			buildSettings = {
				ASSETCATALOG_COMPILER_APPICON_NAME = AppIcon;
				ASSETCATALOG_COMPILER_GLOBAL_ACCENT_COLOR_NAME = AccentColor;
				CODE_SIGN_STYLE = Automatic;
				CURRENT_PROJECT_VERSION = 1;
				DEVELOPMENT_TEAM = F9T64NW26M;
				GENERATE_INFOPLIST_FILE = YES;
				INFOPLIST_FILE = Messenger/Info.plist;
				INFOPLIST_KEY_NSCameraUsageDescription = "Please allow access to take a profile picture ";
				INFOPLIST_KEY_NSPhotoLibraryAddUsageDescription = "Please allow access to select a photo for your profile.";
				INFOPLIST_KEY_UIApplicationSupportsIndirectInputEvents = YES;
				INFOPLIST_KEY_UILaunchStoryboardName = LaunchScreen;
				INFOPLIST_KEY_UIMainStoryboardFile = Main;
				INFOPLIST_KEY_UISupportedInterfaceOrientations = UIInterfaceOrientationPortrait;
				INFOPLIST_KEY_UISupportedInterfaceOrientations_iPad = "UIInterfaceOrientationPortrait UIInterfaceOrientationPortraitUpsideDown UIInterfaceOrientationLandscapeLeft UIInterfaceOrientationLandscapeRight";
				INFOPLIST_KEY_UISupportedInterfaceOrientations_iPhone = "UIInterfaceOrientationPortrait UIInterfaceOrientationLandscapeLeft UIInterfaceOrientationLandscapeRight";
				LD_RUNPATH_SEARCH_PATHS = (
					"$(inherited)",
					"@executable_path/Frameworks",
				);
				MARKETING_VERSION = 1.0;
				PRODUCT_BUNDLE_IDENTIFIER = com.sangbong.Messenger;
				PRODUCT_NAME = "$(TARGET_NAME)";
				SWIFT_EMIT_LOC_STRINGS = YES;
				SWIFT_VERSION = 5.0;
				TARGETED_DEVICE_FAMILY = "1,2";
			};
			name = Release;
		};
/* End XCBuildConfiguration section */

/* Begin XCConfigurationList section */
		4D8C00D827141B4A004F12F1 /* Build configuration list for PBXProject "Messenger" */ = {
			isa = XCConfigurationList;
			buildConfigurations = (
				4D8C00EF27141B4C004F12F1 /* Debug */,
				4D8C00F027141B4C004F12F1 /* Release */,
			);
			defaultConfigurationIsVisible = 0;
			defaultConfigurationName = Release;
		};
		4D8C00F127141B4C004F12F1 /* Build configuration list for PBXNativeTarget "Messenger" */ = {
			isa = XCConfigurationList;
			buildConfigurations = (
				4D8C00F227141B4C004F12F1 /* Debug */,
				4D8C00F327141B4C004F12F1 /* Release */,
			);
			defaultConfigurationIsVisible = 0;
			defaultConfigurationName = Release;
		};
/* End XCConfigurationList section */
	};
	rootObject = 4D8C00D527141B4A004F12F1 /* Project object */;
}
